{
  "name": "ngx-component-meta-demo",
  "version": "0.0.0",
  "lockfileVersion": 3,
  "requires": true,
  "packages": {
    "": {
      "name": "ngx-component-meta-demo",
      "version": "0.0.0",
      "dependencies": {
        "@nacho-labs/ngx-component-meta": "^0.1.0",
        "typescript": "~5.7.0"
      }
    },
    "node_modules/@nacho-labs/ngx-component-meta": {
      "version": "0.1.0",
      "resolved": "https://registry.npmjs.org/@nacho-labs/ngx-component-meta/-/ngx-component-meta-0.1.0.tgz",
      "integrity": "sha512-OYjsLS8P3HC5u3cJCP86cBjjrLtYRaf79dXtz2Fl4vQcieV757WyyhyRLtj7CUrzGN9lCZe0MCw+bzQJFSH1cw==",
      "license": "MIT",
      "bin": {
        "ngx-component-meta": "dist/cli/index.js"
      },
      "engines": {
        "node": ">=18"
      },
      "peerDependencies": {
        "typescript": ">=5.0.0"
      }
    },
    "node_modules/typescript": {
      "version": "5.7.3",
      "resolved": "https://registry.npmjs.org/typescript/-/typescript-5.7.3.tgz",
      "integrity": "sha512-84MVSjMEHP+FQRPy3pX9sTVV/INIex71s9TL2Gm5FG/WG1SqXeKyZ0k7/blY/4FdOzI12CBy1vGc4og/eus0fw==",
      "license": "Apache-2.0",
      "bin": {
        "tsc": "bin/tsc",
        "tsserver": "bin/tsserver"
      },
      "engines": {
        "node": ">=14.17"
      }
    }
  }
}
